
Microsoft Visual Studio Solution File, Format Version 12.00
# Visual Studio 15
Project("{FAE04EC0-301F-11D3-BF4B-00C04F79EFBC}") = "PhotonUnityNetworking.Utilities", "PhotonUnityNetworking.Utilities.csproj", "{A25B7271-5F61-BF5A-A531-DD98AA898F2D}"
EndProject
Project("{FAE04EC0-301F-11D3-BF4B-00C04F79EFBC}") = "Assembly-CSharp", "Assembly-CSharp.csproj", "{4FC7F910-2AB3-D254-2856-D34596E933EB}"
EndProject
Project("{FAE04EC0-301F-11D3-BF4B-00C04F79EFBC}") = "PhotonUnityNetworking.Demos", "PhotonUnityNetworking.Demos.csproj", "{0198ECF2-2248-EF8C-D41D-0266213CAB8A}"
EndProject
Project("{FAE04EC0-301F-11D3-BF4B-00C04F79EFBC}") = "PhotonUnityNetworking", "PhotonUnityNetworking.csproj", "{9F94B60F-D13C-B4E8-792D-05CE027B034A}"
EndProject
Project("{FAE04EC0-301F-11D3-BF4B-00C04F79EFBC}") = "PhotonRealtime", "PhotonRealtime.csproj", "{85A88010-1288-C81A-B1C2-57DBD46D1B41}"
EndProject
Project("{FAE04EC0-301F-11D3-BF4B-00C04F79EFBC}") = "PhotonUnityNetworking.Editor", "PhotonUnityNetworking.Editor.csproj", "{0BC632AE-DB60-E372-01C3-E11B7554F5DA}"
EndProject
Project("{FAE04EC0-301F-11D3-BF4B-00C04F79EFBC}") = "PhotonUnityNetworking.Utilities.PhotonPlayer.Editor", "PhotonUnityNetworking.Utilities.PhotonPlayer.Editor.csproj", "{CBF7D13B-0255-8A70-5D46-2B33C4AFCF6C}"
EndProject
Project("{FAE04EC0-301F-11D3-BF4B-00C04F79EFBC}") = "Assembly-CSharp-Editor", "Assembly-CSharp-Editor.csproj", "{7A4B8906-9D68-1EEF-492D-01D59BD2AB8F}"
EndProject
Project("{FAE04EC0-301F-11D3-BF4B-00C04F79EFBC}") = "PunDemos.DemoSlotcarEditor", "PunDemos.DemoSlotcarEditor.csproj", "{D185FD4C-DF6C-30B4-14E5-EF76FCD59953}"
EndProject
Project("{FAE04EC0-301F-11D3-BF4B-00C04F79EFBC}") = "PhotonUnityNetworking.Utilities.Culling.Editor", "PhotonUnityNetworking.Utilities.Culling.Editor.csproj", "{9D0C888F-6D83-7B74-F4F7-D34D70C99D6D}"
EndProject
Project("{FAE04EC0-301F-11D3-BF4B-00C04F79EFBC}") = "PunDemos.DemoHubEditor", "PunDemos.DemoHubEditor.csproj", "{A9A6E2F7-446D-4938-045B-7F31EA1EB3D5}"
EndProject
Global
	GlobalSection(SolutionConfigurationPlatforms) = preSolution
		Debug|Any CPU = Debug|Any CPU
		Release|Any CPU = Release|Any CPU
	EndGlobalSection
	GlobalSection(ProjectConfigurationPlatforms) = postSolution
		{A25B7271-5F61-BF5A-A531-DD98AA898F2D}.Debug|Any CPU.ActiveCfg = Debug|Any CPU
		{A25B7271-5F61-BF5A-A531-DD98AA898F2D}.Debug|Any CPU.Build.0 = Debug|Any CPU
		{A25B7271-5F61-BF5A-A531-DD98AA898F2D}.Release|Any CPU.ActiveCfg = Release|Any CPU
		{A25B7271-5F61-BF5A-A531-DD98AA898F2D}.Release|Any CPU.Build.0 = Release|Any CPU
		{4FC7F910-2AB3-D254-2856-D34596E933EB}.Debug|Any CPU.ActiveCfg = Debug|Any CPU
		{4FC7F910-2AB3-D254-2856-D34596E933EB}.Debug|Any CPU.Build.0 = Debug|Any CPU
		{4FC7F910-2AB3-D254-2856-D34596E933EB}.Release|Any CPU.ActiveCfg = Release|Any CPU
		{4FC7F910-2AB3-D254-2856-D34596E933EB}.Release|Any CPU.Build.0 = Release|Any CPU
		{0198ECF2-2248-EF8C-D41D-0266213CAB8A}.Debug|Any CPU.ActiveCfg = Debug|Any CPU
		{0198ECF2-2248-EF8C-D41D-0266213CAB8A}.Debug|Any CPU.Build.0 = Debug|Any CPU
		{0198ECF2-2248-EF8C-D41D-0266213CAB8A}.Release|Any CPU.ActiveCfg = Release|Any CPU
		{0198ECF2-2248-EF8C-D41D-0266213CAB8A}.Release|Any CPU.Build.0 = Release|Any CPU
		{9F94B60F-D13C-B4E8-792D-05CE027B034A}.Debug|Any CPU.ActiveCfg = Debug|Any CPU
		{9F94B60F-D13C-B4E8-792D-05CE027B034A}.Debug|Any CPU.Build.0 = Debug|Any CPU
		{9F94B60F-D13C-B4E8-792D-05CE027B034A}.Release|Any CPU.ActiveCfg = Release|Any CPU
		{9F94B60F-D13C-B4E8-792D-05CE027B034A}.Release|Any CPU.Build.0 = Release|Any CPU
		{85A88010-1288-C81A-B1C2-57DBD46D1B41}.Debug|Any CPU.ActiveCfg = Debug|Any CPU
		{85A88010-1288-C81A-B1C2-57DBD46D1B41}.Debug|Any CPU.Build.0 = Debug|Any CPU
		{85A88010-1288-C81A-B1C2-57DBD46D1B41}.Release|Any CPU.ActiveCfg = Release|Any CPU
		{85A88010-1288-C81A-B1C2-57DBD46D1B41}.Release|Any CPU.Build.0 = Release|Any CPU
		{0BC632AE-DB60-E372-01C3-E11B7554F5DA}.Debug|Any CPU.ActiveCfg = Debug|Any CPU
		{0BC632AE-DB60-E372-01C3-E11B7554F5DA}.Debug|Any CPU.Build.0 = Debug|Any CPU
		{0BC632AE-DB60-E372-01C3-E11B7554F5DA}.Release|Any CPU.ActiveCfg = Release|Any CPU
		{0BC632AE-DB60-E372-01C3-E11B7554F5DA}.Release|Any CPU.Build.0 = Release|Any CPU
		{CBF7D13B-0255-8A70-5D46-2B33C4AFCF6C}.Debug|Any CPU.ActiveCfg = Debug|Any CPU
		{CBF7D13B-0255-8A70-5D46-2B33C4AFCF6C}.Debug|Any CPU.Build.0 = Debug|Any CPU
		{CBF7D13B-0255-8A70-5D46-2B33C4AFCF6C}.Release|Any CPU.ActiveCfg = Release|Any CPU
		{CBF7D13B-0255-8A70-5D46-2B33C4AFCF6C}.Release|Any CPU.Build.0 = Release|Any CPU
		{7A4B8906-9D68-1EEF-492D-01D59BD2AB8F}.Debug|Any CPU.ActiveCfg = Debug|Any CPU
		{7A4B8906-9D68-1EEF-492D-01D59BD2AB8F}.Debug|Any CPU.Build.0 = Debug|Any CPU
		{7A4B8906-9D68-1EEF-492D-01D59BD2AB8F}.Release|Any CPU.ActiveCfg = Release|Any CPU
		{7A4B8906-9D68-1EEF-492D-01D59BD2AB8F}.Release|Any CPU.Build.0 = Release|Any CPU
		{D185FD4C-DF6C-30B4-14E5-EF76FCD59953}.Debug|Any CPU.ActiveCfg = Debug|Any CPU
		{D185FD4C-DF6C-30B4-14E5-EF76FCD59953}.Debug|Any CPU.Build.0 = Debug|Any CPU
		{D185FD4C-DF6C-30B4-14E5-EF76FCD59953}.Release|Any CPU.ActiveCfg = Release|Any CPU
		{D185FD4C-DF6C-30B4-14E5-EF76FCD59953}.Release|Any CPU.Build.0 = Release|Any CPU
		{9D0C888F-6D83-7B74-F4F7-D34D70C99D6D}.Debug|Any CPU.ActiveCfg = Debug|Any CPU
		{9D0C888F-6D83-7B74-F4F7-D34D70C99D6D}.Debug|Any CPU.Build.0 = Debug|Any CPU
		{9D0C888F-6D83-7B74-F4F7-D34D70C99D6D}.Release|Any CPU.ActiveCfg = Release|Any CPU
		{9D0C888F-6D83-7B74-F4F7-D34D70C99D6D}.Release|Any CPU.Build.0 = Release|Any CPU
		{A9A6E2F7-446D-4938-045B-7F31EA1EB3D5}.Debug|Any CPU.ActiveCfg = Debug|Any CPU
		{A9A6E2F7-446D-4938-045B-7F31EA1EB3D5}.Debug|Any CPU.Build.0 = Debug|Any CPU
		{A9A6E2F7-446D-4938-045B-7F31EA1EB3D5}.Release|Any CPU.ActiveCfg = Release|Any CPU
		{A9A6E2F7-446D-4938-045B-7F31EA1EB3D5}.Release|Any CPU.Build.0 = Release|Any CPU
	EndGlobalSection
	GlobalSection(SolutionProperties) = preSolution
		HideSolutionNode = FALSE
	EndGlobalSection
EndGlobal
